// !$*UTF8*$!
{
	archiveVersion = 1;
	classes = {
	};
	objectVersion = 46;
	objects = {

/* Begin PBXBuildFile section */
		FA165F931F16B4E200617771 /* Main.storyboard in Resources */ = {isa = PBXBuildFile; fileRef = FA165F911F16B4E200617771 /* Main.storyboard */; };
		FA165F981F16B4E200617771 /* LaunchScreen.storyboard in Resources */ = {isa = PBXBuildFile; fileRef = FA165F961F16B4E200617771 /* LaunchScreen.storyboard */; };
		FA165FB21F16B5B800617771 /* AppDelegate.swift in Sources */ = {isa = PBXBuildFile; fileRef = FA165FAF1F16B5B800617771 /* AppDelegate.swift */; };
		FA165FB71F16B89500617771 /* WeatherListPresenter.swift in Sources */ = {isa = PBXBuildFile; fileRef = FA165FB61F16B89500617771 /* WeatherListPresenter.swift */; };
		FA165FB81F16BC4000617771 /* WeatherListPresenter.swift in Sources */ = {isa = PBXBuildFile; fileRef = FA165FB61F16B89500617771 /* WeatherListPresenter.swift */; };
		FA165FBA1F16BCD400617771 /* WeatherListInterface.swift in Sources */ = {isa = PBXBuildFile; fileRef = FA165FB91F16BCD400617771 /* WeatherListInterface.swift */; };
		FA165FBB1F16BD2200617771 /* WeatherListInterface.swift in Sources */ = {isa = PBXBuildFile; fileRef = FA165FB91F16BCD400617771 /* WeatherListInterface.swift */; };
		FAC692601F1A4CC9004E0B09 /* WeatherIconService.swift in Sources */ = {isa = PBXBuildFile; fileRef = FAC6925F1F1A4CC9004E0B09 /* WeatherIconService.swift */; };
		FAC692621F1A4D43004E0B09 /* WeatherIconServiceImpl.swift in Sources */ = {isa = PBXBuildFile; fileRef = FAC692611F1A4D43004E0B09 /* WeatherIconServiceImpl.swift */; };
		FAC692631F1A5601004E0B09 /* Assets.xcassets in Resources */ = {isa = PBXBuildFile; fileRef = FA165F941F16B4E200617771 /* Assets.xcassets */; };
		FAC692641F1A56F4004E0B09 /* WeatherIconService.swift in Sources */ = {isa = PBXBuildFile; fileRef = FAC6925F1F1A4CC9004E0B09 /* WeatherIconService.swift */; };
		FAC692661F1A57A1004E0B09 /* WeatherIconServiceMock.swift in Sources */ = {isa = PBXBuildFile; fileRef = FAC692651F1A57A1004E0B09 /* WeatherIconServiceMock.swift */; };
		FAC692691F1A60CC004E0B09 /* PredictionsDataProvider.swift in Sources */ = {isa = PBXBuildFile; fileRef = FAC692681F1A60CC004E0B09 /* PredictionsDataProvider.swift */; };
		FAC6926F1F1A68DA004E0B09 /* LoadingView.swift in Sources */ = {isa = PBXBuildFile; fileRef = FAC6926E1F1A68DA004E0B09 /* LoadingView.swift */; };
		FAC692751F1A6F51004E0B09 /* Localizable.strings in Resources */ = {isa = PBXBuildFile; fileRef = FAC692771F1A6F51004E0B09 /* Localizable.strings */; };
		FAC6927A1F1A6FE6004E0B09 /* WordingLocalization.swift in Sources */ = {isa = PBXBuildFile; fileRef = FAC692791F1A6FE6004E0B09 /* WordingLocalization.swift */; };
		FAC6927F1F1A766E004E0B09 /* WeatherDetailPresenter.swift in Sources */ = {isa = PBXBuildFile; fileRef = FAC6927E1F1A766E004E0B09 /* WeatherDetailPresenter.swift */; };
		FAC692801F1A7698004E0B09 /* WeatherDetailPresenter.swift in Sources */ = {isa = PBXBuildFile; fileRef = FAC6927E1F1A766E004E0B09 /* WeatherDetailPresenter.swift */; };
		FAC692821F1A76DC004E0B09 /* WeatherDetailInterface.swift in Sources */ = {isa = PBXBuildFile; fileRef = FAC692811F1A76DC004E0B09 /* WeatherDetailInterface.swift */; };
		FAC692831F1A7738004E0B09 /* WeatherDetailInterface.swift in Sources */ = {isa = PBXBuildFile; fileRef = FAC692811F1A76DC004E0B09 /* WeatherDetailInterface.swift */; };
		FAC692861F1A78B8004E0B09 /* WeatherDetailPresenterTests.swift in Sources */ = {isa = PBXBuildFile; fileRef = FAC692851F1A78B8004E0B09 /* WeatherDetailPresenterTests.swift */; };
		FAC692881F1A798E004E0B09 /* WeatherDetailInterfaceMock.swift in Sources */ = {isa = PBXBuildFile; fileRef = FAC692871F1A798E004E0B09 /* WeatherDetailInterfaceMock.swift */; };
		FAC692891F1A7DC0004E0B09 /* Assets.xcassets in Resources */ = {isa = PBXBuildFile; fileRef = FA165F941F16B4E200617771 /* Assets.xcassets */; };
		FAC6928B1F1A8055004E0B09 /* WeatherDetailViewController.swift in Sources */ = {isa = PBXBuildFile; fileRef = FAC6928A1F1A8055004E0B09 /* WeatherDetailViewController.swift */; };
		FAC6928E1F1A86B1004E0B09 /* WeatherDetailModuleInitializer.swift in Sources */ = {isa = PBXBuildFile; fileRef = FAC6928D1F1A86B1004E0B09 /* WeatherDetailModuleInitializer.swift */; };
		FAC692901F1A86D0004E0B09 /* WeatherDetailModuleInitializerImpl.swift in Sources */ = {isa = PBXBuildFile; fileRef = FAC6928F1F1A86D0004E0B09 /* WeatherDetailModuleInitializerImpl.swift */; };
		FAC692911F1A8700004E0B09 /* WeatherDetailModuleInitializer.swift in Sources */ = {isa = PBXBuildFile; fileRef = FAC6928D1F1A86B1004E0B09 /* WeatherDetailModuleInitializer.swift */; };
		FAFD25E31F18FA2E00E69255 /* WeatherListInterfaceMock.swift in Sources */ = {isa = PBXBuildFile; fileRef = FAFD25E21F18FA2E00E69255 /* WeatherListInterfaceMock.swift */; };
		FAFD25E51F18FA4C00E69255 /* WeatherListServiceMock.swift in Sources */ = {isa = PBXBuildFile; fileRef = FAFD25E41F18FA4C00E69255 /* WeatherListServiceMock.swift */; };
		FAFD25E71F18FA9900E69255 /* WeatherListService.swift in Sources */ = {isa = PBXBuildFile; fileRef = FAFD25E61F18FA9900E69255 /* WeatherListService.swift */; };
		FAFD25E81F18FAD600E69255 /* WeatherListService.swift in Sources */ = {isa = PBXBuildFile; fileRef = FAFD25E61F18FA9900E69255 /* WeatherListService.swift */; };
		FAFD25EC1F18FB7C00E69255 /* WeatherListServiceImpl.swift in Sources */ = {isa = PBXBuildFile; fileRef = FAFD25EB1F18FB7C00E69255 /* WeatherListServiceImpl.swift */; };
		FAFD25ED1F18FB9600E69255 /* WeatherListServiceImpl.swift in Sources */ = {isa = PBXBuildFile; fileRef = FAFD25EB1F18FB7C00E69255 /* WeatherListServiceImpl.swift */; };
		FAFD25F01F18FC6200E69255 /* WeatherDataLoader.swift in Sources */ = {isa = PBXBuildFile; fileRef = FAFD25EF1F18FC6200E69255 /* WeatherDataLoader.swift */; };
		FAFD25F11F18FC7300E69255 /* WeatherDataLoader.swift in Sources */ = {isa = PBXBuildFile; fileRef = FAFD25EF1F18FC6200E69255 /* WeatherDataLoader.swift */; };
		FAFD25F31F18FCA600E69255 /* WeatherDataLoaderMock.swift in Sources */ = {isa = PBXBuildFile; fileRef = FAFD25F21F18FCA600E69255 /* WeatherDataLoaderMock.swift */; };
		FAFD25F81F1901B100E69255 /* WeatherListServiceTests.swift in Sources */ = {isa = PBXBuildFile; fileRef = FAFD25F61F1901B100E69255 /* WeatherListServiceTests.swift */; };
		FAFD25F91F1901B100E69255 /* WeatherListPresenterTests.swift in Sources */ = {isa = PBXBuildFile; fileRef = FAFD25F71F1901B100E69255 /* WeatherListPresenterTests.swift */; };
		FAFD25FD1F19048900E69255 /* Prediction.swift in Sources */ = {isa = PBXBuildFile; fileRef = FAFD25FC1F19048900E69255 /* Prediction.swift */; };
		FAFD25FE1F1908FD00E69255 /* Prediction.swift in Sources */ = {isa = PBXBuildFile; fileRef = FAFD25FC1F19048900E69255 /* Prediction.swift */; };
		FAFD26001F19092800E69255 /* Temperature.swift in Sources */ = {isa = PBXBuildFile; fileRef = FAFD25FF1F19092800E69255 /* Temperature.swift */; };
		FAFD26011F19092B00E69255 /* Temperature.swift in Sources */ = {isa = PBXBuildFile; fileRef = FAFD25FF1F19092800E69255 /* Temperature.swift */; };
		FAFD26031F190A3600E69255 /* Weather.swift in Sources */ = {isa = PBXBuildFile; fileRef = FAFD26021F190A3600E69255 /* Weather.swift */; };
		FAFD26041F190C2500E69255 /* Weather.swift in Sources */ = {isa = PBXBuildFile; fileRef = FAFD26021F190A3600E69255 /* Weather.swift */; };
		FAFD26061F190FC000E69255 /* WeatherDataLoaderImpl.swift in Sources */ = {isa = PBXBuildFile; fileRef = FAFD26051F190FC000E69255 /* WeatherDataLoaderImpl.swift */; };
		FAFD26091F19142B00E69255 /* Alamofire.framework in Frameworks */ = {isa = PBXBuildFile; fileRef = FAFD26081F19142B00E69255 /* Alamofire.framework */; };
		FAFD260C1F19175300E69255 /* WeatherAPIConfiguration.swift in Sources */ = {isa = PBXBuildFile; fileRef = FAFD260B1F19175300E69255 /* WeatherAPIConfiguration.swift */; };
		FAFD260F1F191CE300E69255 /* WeatherListViewController.swift in Sources */ = {isa = PBXBuildFile; fileRef = FAFD260E1F191CE300E69255 /* WeatherListViewController.swift */; };
		FAFD26111F191D9400E69255 /* WeatherListModuleInitializer.swift in Sources */ = {isa = PBXBuildFile; fileRef = FAFD26101F191D9400E69255 /* WeatherListModuleInitializer.swift */; };
		FAFD26131F19252700E69255 /* PredictionTableViewCell.swift in Sources */ = {isa = PBXBuildFile; fileRef = FAFD26121F19252700E69255 /* PredictionTableViewCell.swift */; };
		FAFD26151F192E9400E69255 /* AlamofireImage.framework in Frameworks */ = {isa = PBXBuildFile; fileRef = FAFD26141F192E9400E69255 /* AlamofireImage.framework */; };
/* End PBXBuildFile section */

/* Begin PBXContainerItemProxy section */
		FA165F9F1F16B4E200617771 /* PBXContainerItemProxy */ = {
			isa = PBXContainerItemProxy;
			containerPortal = FA165F801F16B4E200617771 /* Project object */;
			proxyType = 1;
			remoteGlobalIDString = FA165F871F16B4E200617771;
			remoteInfo = WeatherApp;
		};
/* End PBXContainerItemProxy section */

/* Begin PBXFileReference section */
		FA165F881F16B4E200617771 /* WeatherApp.app */ = {isa = PBXFileReference; explicitFileType = wrapper.application; includeInIndex = 0; path = WeatherApp.app; sourceTree = BUILT_PRODUCTS_DIR; };
		FA165F921F16B4E200617771 /* Base */ = {isa = PBXFileReference; lastKnownFileType = file.storyboard; name = Base; path = Base.lproj/Main.storyboard; sourceTree = "<group>"; };
		FA165F941F16B4E200617771 /* Assets.xcassets */ = {isa = PBXFileReference; lastKnownFileType = folder.assetcatalog; path = Assets.xcassets; sourceTree = "<group>"; };
		FA165F971F16B4E200617771 /* Base */ = {isa = PBXFileReference; lastKnownFileType = file.storyboard; name = Base; path = Base.lproj/LaunchScreen.storyboard; sourceTree = "<group>"; };
		FA165F991F16B4E200617771 /* Info.plist */ = {isa = PBXFileReference; lastKnownFileType = text.plist.xml; path = Info.plist; sourceTree = "<group>"; };
		FA165F9E1F16B4E200617771 /* WeatherAppTests.xctest */ = {isa = PBXFileReference; explicitFileType = wrapper.cfbundle; includeInIndex = 0; path = WeatherAppTests.xctest; sourceTree = BUILT_PRODUCTS_DIR; };
		FA165FA41F16B4E200617771 /* Info.plist */ = {isa = PBXFileReference; lastKnownFileType = text.plist.xml; path = Info.plist; sourceTree = "<group>"; };
		FA165FAF1F16B5B800617771 /* AppDelegate.swift */ = {isa = PBXFileReference; fileEncoding = 4; lastKnownFileType = sourcecode.swift; path = AppDelegate.swift; sourceTree = "<group>"; };
		FA165FB61F16B89500617771 /* WeatherListPresenter.swift */ = {isa = PBXFileReference; fileEncoding = 4; lastKnownFileType = sourcecode.swift; path = WeatherListPresenter.swift; sourceTree = "<group>"; };
		FA165FB91F16BCD400617771 /* WeatherListInterface.swift */ = {isa = PBXFileReference; fileEncoding = 4; lastKnownFileType = sourcecode.swift; path = WeatherListInterface.swift; sourceTree = "<group>"; };
		FAC6925F1F1A4CC9004E0B09 /* WeatherIconService.swift */ = {isa = PBXFileReference; fileEncoding = 4; lastKnownFileType = sourcecode.swift; path = WeatherIconService.swift; sourceTree = "<group>"; };
		FAC692611F1A4D43004E0B09 /* WeatherIconServiceImpl.swift */ = {isa = PBXFileReference; fileEncoding = 4; lastKnownFileType = sourcecode.swift; path = WeatherIconServiceImpl.swift; sourceTree = "<group>"; };
		FAC692651F1A57A1004E0B09 /* WeatherIconServiceMock.swift */ = {isa = PBXFileReference; fileEncoding = 4; lastKnownFileType = sourcecode.swift; path = WeatherIconServiceMock.swift; sourceTree = "<group>"; };
		FAC692681F1A60CC004E0B09 /* PredictionsDataProvider.swift */ = {isa = PBXFileReference; fileEncoding = 4; lastKnownFileType = sourcecode.swift; path = PredictionsDataProvider.swift; sourceTree = "<group>"; };
		FAC6926E1F1A68DA004E0B09 /* LoadingView.swift */ = {isa = PBXFileReference; fileEncoding = 4; lastKnownFileType = sourcecode.swift; path = LoadingView.swift; sourceTree = "<group>"; };
		FAC692761F1A6F51004E0B09 /* Base */ = {isa = PBXFileReference; lastKnownFileType = text.plist.strings; name = Base; path = Base.lproj/Localizable.strings; sourceTree = "<group>"; };
		FAC692781F1A6F80004E0B09 /* fr */ = {isa = PBXFileReference; lastKnownFileType = text.plist.strings; name = fr; path = fr.lproj/Localizable.strings; sourceTree = "<group>"; };
		FAC692791F1A6FE6004E0B09 /* WordingLocalization.swift */ = {isa = PBXFileReference; fileEncoding = 4; lastKnownFileType = sourcecode.swift; path = WordingLocalization.swift; sourceTree = "<group>"; };
		FAC6927E1F1A766E004E0B09 /* WeatherDetailPresenter.swift */ = {isa = PBXFileReference; fileEncoding = 4; lastKnownFileType = sourcecode.swift; path = WeatherDetailPresenter.swift; sourceTree = "<group>"; };
		FAC692811F1A76DC004E0B09 /* WeatherDetailInterface.swift */ = {isa = PBXFileReference; fileEncoding = 4; lastKnownFileType = sourcecode.swift; path = WeatherDetailInterface.swift; sourceTree = "<group>"; };
		FAC692851F1A78B8004E0B09 /* WeatherDetailPresenterTests.swift */ = {isa = PBXFileReference; fileEncoding = 4; lastKnownFileType = sourcecode.swift; path = WeatherDetailPresenterTests.swift; sourceTree = "<group>"; };
		FAC692871F1A798E004E0B09 /* WeatherDetailInterfaceMock.swift */ = {isa = PBXFileReference; fileEncoding = 4; lastKnownFileType = sourcecode.swift; path = WeatherDetailInterfaceMock.swift; sourceTree = "<group>"; };
		FAC6928A1F1A8055004E0B09 /* WeatherDetailViewController.swift */ = {isa = PBXFileReference; fileEncoding = 4; lastKnownFileType = sourcecode.swift; path = WeatherDetailViewController.swift; sourceTree = "<group>"; };
		FAC6928D1F1A86B1004E0B09 /* WeatherDetailModuleInitializer.swift */ = {isa = PBXFileReference; fileEncoding = 4; lastKnownFileType = sourcecode.swift; path = WeatherDetailModuleInitializer.swift; sourceTree = "<group>"; };
		FAC6928F1F1A86D0004E0B09 /* WeatherDetailModuleInitializerImpl.swift */ = {isa = PBXFileReference; fileEncoding = 4; lastKnownFileType = sourcecode.swift; path = WeatherDetailModuleInitializerImpl.swift; sourceTree = "<group>"; };
		FAFD25E21F18FA2E00E69255 /* WeatherListInterfaceMock.swift */ = {isa = PBXFileReference; fileEncoding = 4; lastKnownFileType = sourcecode.swift; path = WeatherListInterfaceMock.swift; sourceTree = "<group>"; };
		FAFD25E41F18FA4C00E69255 /* WeatherListServiceMock.swift */ = {isa = PBXFileReference; fileEncoding = 4; lastKnownFileType = sourcecode.swift; path = WeatherListServiceMock.swift; sourceTree = "<group>"; };
		FAFD25E61F18FA9900E69255 /* WeatherListService.swift */ = {isa = PBXFileReference; fileEncoding = 4; lastKnownFileType = sourcecode.swift; path = WeatherListService.swift; sourceTree = "<group>"; };
		FAFD25EB1F18FB7C00E69255 /* WeatherListServiceImpl.swift */ = {isa = PBXFileReference; fileEncoding = 4; lastKnownFileType = sourcecode.swift; path = WeatherListServiceImpl.swift; sourceTree = "<group>"; };
		FAFD25EF1F18FC6200E69255 /* WeatherDataLoader.swift */ = {isa = PBXFileReference; fileEncoding = 4; lastKnownFileType = sourcecode.swift; path = WeatherDataLoader.swift; sourceTree = "<group>"; };
		FAFD25F21F18FCA600E69255 /* WeatherDataLoaderMock.swift */ = {isa = PBXFileReference; fileEncoding = 4; lastKnownFileType = sourcecode.swift; path = WeatherDataLoaderMock.swift; sourceTree = "<group>"; };
		FAFD25F61F1901B100E69255 /* WeatherListServiceTests.swift */ = {isa = PBXFileReference; fileEncoding = 4; lastKnownFileType = sourcecode.swift; path = WeatherListServiceTests.swift; sourceTree = "<group>"; };
		FAFD25F71F1901B100E69255 /* WeatherListPresenterTests.swift */ = {isa = PBXFileReference; fileEncoding = 4; lastKnownFileType = sourcecode.swift; path = WeatherListPresenterTests.swift; sourceTree = "<group>"; };
		FAFD25FC1F19048900E69255 /* Prediction.swift */ = {isa = PBXFileReference; fileEncoding = 4; lastKnownFileType = sourcecode.swift; path = Prediction.swift; sourceTree = "<group>"; };
		FAFD25FF1F19092800E69255 /* Temperature.swift */ = {isa = PBXFileReference; fileEncoding = 4; lastKnownFileType = sourcecode.swift; path = Temperature.swift; sourceTree = "<group>"; };
		FAFD26021F190A3600E69255 /* Weather.swift */ = {isa = PBXFileReference; fileEncoding = 4; lastKnownFileType = sourcecode.swift; path = Weather.swift; sourceTree = "<group>"; };
		FAFD26051F190FC000E69255 /* WeatherDataLoaderImpl.swift */ = {isa = PBXFileReference; fileEncoding = 4; lastKnownFileType = sourcecode.swift; path = WeatherDataLoaderImpl.swift; sourceTree = "<group>"; };
		FAFD26081F19142B00E69255 /* Alamofire.framework */ = {isa = PBXFileReference; lastKnownFileType = wrapper.framework; name = Alamofire.framework; path = Carthage/Build/iOS/Alamofire.framework; sourceTree = "<group>"; };
		FAFD260B1F19175300E69255 /* WeatherAPIConfiguration.swift */ = {isa = PBXFileReference; fileEncoding = 4; lastKnownFileType = sourcecode.swift; path = WeatherAPIConfiguration.swift; sourceTree = "<group>"; };
		FAFD260E1F191CE300E69255 /* WeatherListViewController.swift */ = {isa = PBXFileReference; fileEncoding = 4; lastKnownFileType = sourcecode.swift; path = WeatherListViewController.swift; sourceTree = "<group>"; };
		FAFD26101F191D9400E69255 /* WeatherListModuleInitializer.swift */ = {isa = PBXFileReference; fileEncoding = 4; lastKnownFileType = sourcecode.swift; path = WeatherListModuleInitializer.swift; sourceTree = "<group>"; };
		FAFD26121F19252700E69255 /* PredictionTableViewCell.swift */ = {isa = PBXFileReference; fileEncoding = 4; lastKnownFileType = sourcecode.swift; path = PredictionTableViewCell.swift; sourceTree = "<group>"; };
		FAFD26141F192E9400E69255 /* AlamofireImage.framework */ = {isa = PBXFileReference; lastKnownFileType = wrapper.framework; name = AlamofireImage.framework; path = Carthage/Build/iOS/AlamofireImage.framework; sourceTree = "<group>"; };
/* End PBXFileReference section */

/* Begin PBXFrameworksBuildPhase section */
		FA165F851F16B4E200617771 /* Frameworks */ = {
			isa = PBXFrameworksBuildPhase;
			buildActionMask = 2147483647;
			files = (
				FAFD26151F192E9400E69255 /* AlamofireImage.framework in Frameworks */,
				FAFD26091F19142B00E69255 /* Alamofire.framework in Frameworks */,
			);
			runOnlyForDeploymentPostprocessing = 0;
		};
		FA165F9B1F16B4E200617771 /* Frameworks */ = {
			isa = PBXFrameworksBuildPhase;
			buildActionMask = 2147483647;
			files = (
			);
			runOnlyForDeploymentPostprocessing = 0;
		};
/* End PBXFrameworksBuildPhase section */

/* Begin PBXGroup section */
		FA165F7F1F16B4E200617771 = {
			isa = PBXGroup;
			children = (
				FA165F8A1F16B4E200617771 /* WeatherApp */,
				FA165FA11F16B4E200617771 /* WeatherAppTests */,
				FA165F891F16B4E200617771 /* Products */,
				FAFD26071F19142B00E69255 /* Frameworks */,
			);
			sourceTree = "<group>";
		};
		FA165F891F16B4E200617771 /* Products */ = {
			isa = PBXGroup;
			children = (
				FA165F881F16B4E200617771 /* WeatherApp.app */,
				FA165F9E1F16B4E200617771 /* WeatherAppTests.xctest */,
			);
			name = Products;
			sourceTree = "<group>";
		};
		FA165F8A1F16B4E200617771 /* WeatherApp */ = {
			isa = PBXGroup;
			children = (
				FAC6926A1F1A6754004E0B09 /* Common */,
				FAFD25FB1F19047B00E69255 /* Models */,
				FA165FAD1F16B54D00617771 /* Modules */,
				FA165FB31F16B5C700617771 /* Resources */,
			);
			path = WeatherApp;
			sourceTree = "<group>";
		};
		FA165FA11F16B4E200617771 /* WeatherAppTests */ = {
			isa = PBXGroup;
			children = (
				FA165FA41F16B4E200617771 /* Info.plist */,
				FAC692671F1A60BD004E0B09 /* DataProviders */,
				FAFD25E11F18FA1A00E69255 /* Mocks */,
				FAC692841F1A78A2004E0B09 /* WeatherDetail */,
				FAFD25F51F1901B100E69255 /* WeatherList */,
			);
			path = WeatherAppTests;
			sourceTree = "<group>";
		};
		FA165FAD1F16B54D00617771 /* Modules */ = {
			isa = PBXGroup;
			children = (
				FA165FAE1F16B5B800617771 /* AppDelegate */,
				FAFD25EE1F18FC5500E69255 /* DataLoader */,
				FA165FB11F16B5B800617771 /* WeatherList */,
				FA165FB01F16B5B800617771 /* WeatherDetail */,
			);
			path = Modules;
			sourceTree = "<group>";
		};
		FA165FAE1F16B5B800617771 /* AppDelegate */ = {
			isa = PBXGroup;
			children = (
				FA165FAF1F16B5B800617771 /* AppDelegate.swift */,
			);
			path = AppDelegate;
			sourceTree = "<group>";
		};
		FA165FB01F16B5B800617771 /* WeatherDetail */ = {
			isa = PBXGroup;
			children = (
				FAC6928C1F1A86B1004E0B09 /* ModuleInitializer */,
				FAC6927B1F1A763F004E0B09 /* Interface */,
				FAC6927E1F1A766E004E0B09 /* WeatherDetailPresenter.swift */,
			);
			path = WeatherDetail;
			sourceTree = "<group>";
		};
		FA165FB11F16B5B800617771 /* WeatherList */ = {
			isa = PBXGroup;
			children = (
				FAFD260D1F191CCE00E69255 /* Interface */,
				FAFD25FA1F1901FA00E69255 /* Service */,
				FA165FB61F16B89500617771 /* WeatherListPresenter.swift */,
				FAFD26101F191D9400E69255 /* WeatherListModuleInitializer.swift */,
			);
			path = WeatherList;
			sourceTree = "<group>";
		};
		FA165FB31F16B5C700617771 /* Resources */ = {
			isa = PBXGroup;
			children = (
				FA165F911F16B4E200617771 /* Main.storyboard */,
				FA165F941F16B4E200617771 /* Assets.xcassets */,
				FA165F961F16B4E200617771 /* LaunchScreen.storyboard */,
				FA165F991F16B4E200617771 /* Info.plist */,
			);
			name = Resources;
			sourceTree = "<group>";
		};
		FAC692671F1A60BD004E0B09 /* DataProviders */ = {
			isa = PBXGroup;
			children = (
				FAC692681F1A60CC004E0B09 /* PredictionsDataProvider.swift */,
			);
			path = DataProviders;
			sourceTree = "<group>";
		};
		FAC6926A1F1A6754004E0B09 /* Common */ = {
			isa = PBXGroup;
			children = (
				FAC692721F1A6F36004E0B09 /* Localization */,
				FAC6926B1F1A6754004E0B09 /* CustomViews */,
			);
			path = Common;
			sourceTree = "<group>";
		};
		FAC6926B1F1A6754004E0B09 /* CustomViews */ = {
			isa = PBXGroup;
			children = (
				FAC6926E1F1A68DA004E0B09 /* LoadingView.swift */,
			);
			path = CustomViews;
			sourceTree = "<group>";
		};
		FAC692721F1A6F36004E0B09 /* Localization */ = {
			isa = PBXGroup;
			children = (
				FAC692771F1A6F51004E0B09 /* Localizable.strings */,
				FAC692791F1A6FE6004E0B09 /* WordingLocalization.swift */,
			);
			path = Localization;
			sourceTree = "<group>";
		};
		FAC6927B1F1A763F004E0B09 /* Interface */ = {
			isa = PBXGroup;
			children = (
				FAC692811F1A76DC004E0B09 /* WeatherDetailInterface.swift */,
				FAC6928A1F1A8055004E0B09 /* WeatherDetailViewController.swift */,
			);
			path = Interface;
			sourceTree = "<group>";
		};
		FAC692841F1A78A2004E0B09 /* WeatherDetail */ = {
			isa = PBXGroup;
			children = (
				FAC692851F1A78B8004E0B09 /* WeatherDetailPresenterTests.swift */,
			);
			path = WeatherDetail;
			sourceTree = "<group>";
		};
		FAC6928C1F1A86B1004E0B09 /* ModuleInitializer */ = {
			isa = PBXGroup;
			children = (
				FAC6928D1F1A86B1004E0B09 /* WeatherDetailModuleInitializer.swift */,
				FAC6928F1F1A86D0004E0B09 /* WeatherDetailModuleInitializerImpl.swift */,
			);
			path = ModuleInitializer;
			sourceTree = "<group>";
		};
		FAFD25E11F18FA1A00E69255 /* Mocks */ = {
			isa = PBXGroup;
			children = (
				FAFD25E21F18FA2E00E69255 /* WeatherListInterfaceMock.swift */,
				FAFD25E41F18FA4C00E69255 /* WeatherListServiceMock.swift */,
				FAFD25F21F18FCA600E69255 /* WeatherDataLoaderMock.swift */,
				FAC692651F1A57A1004E0B09 /* WeatherIconServiceMock.swift */,
				FAC692871F1A798E004E0B09 /* WeatherDetailInterfaceMock.swift */,
			);
			path = Mocks;
			sourceTree = "<group>";
		};
		FAFD25EE1F18FC5500E69255 /* DataLoader */ = {
			isa = PBXGroup;
			children = (
				FAFD25EF1F18FC6200E69255 /* WeatherDataLoader.swift */,
				FAFD26051F190FC000E69255 /* WeatherDataLoaderImpl.swift */,
				FAFD260B1F19175300E69255 /* WeatherAPIConfiguration.swift */,
			);
			path = DataLoader;
			sourceTree = "<group>";
		};
		FAFD25F51F1901B100E69255 /* WeatherList */ = {
			isa = PBXGroup;
			children = (
				FAFD25F61F1901B100E69255 /* WeatherListServiceTests.swift */,
				FAFD25F71F1901B100E69255 /* WeatherListPresenterTests.swift */,
			);
			path = WeatherList;
			sourceTree = "<group>";
		};
		FAFD25FA1F1901FA00E69255 /* Service */ = {
			isa = PBXGroup;
			children = (
				FAFD25E61F18FA9900E69255 /* WeatherListService.swift */,
				FAFD25EB1F18FB7C00E69255 /* WeatherListServiceImpl.swift */,
				FAC6925F1F1A4CC9004E0B09 /* WeatherIconService.swift */,
				FAC692611F1A4D43004E0B09 /* WeatherIconServiceImpl.swift */,
			);
			name = Service;
			sourceTree = "<group>";
		};
		FAFD25FB1F19047B00E69255 /* Models */ = {
			isa = PBXGroup;
			children = (
				FAFD25FC1F19048900E69255 /* Prediction.swift */,
				FAFD25FF1F19092800E69255 /* Temperature.swift */,
				FAFD26021F190A3600E69255 /* Weather.swift */,
			);
			path = Models;
			sourceTree = "<group>";
		};
		FAFD26071F19142B00E69255 /* Frameworks */ = {
			isa = PBXGroup;
			children = (
				FAFD26141F192E9400E69255 /* AlamofireImage.framework */,
				FAFD26081F19142B00E69255 /* Alamofire.framework */,
			);
			name = Frameworks;
			sourceTree = "<group>";
		};
		FAFD260D1F191CCE00E69255 /* Interface */ = {
			isa = PBXGroup;
			children = (
				FA165FB91F16BCD400617771 /* WeatherListInterface.swift */,
				FAFD260E1F191CE300E69255 /* WeatherListViewController.swift */,
				FAFD26121F19252700E69255 /* PredictionTableViewCell.swift */,
			);
			name = Interface;
			sourceTree = "<group>";
		};
/* End PBXGroup section */

/* Begin PBXNativeTarget section */
		FA165F871F16B4E200617771 /* WeatherApp */ = {
			isa = PBXNativeTarget;
			buildConfigurationList = FA165FA71F16B4E200617771 /* Build configuration list for PBXNativeTarget "WeatherApp" */;
			buildPhases = (
				FA165F841F16B4E200617771 /* Sources */,
				FA165F851F16B4E200617771 /* Frameworks */,
				FA165F861F16B4E200617771 /* Resources */,
				FAFD260A1F19144000E69255 /* ShellScript */,
			);
			buildRules = (
			);
			dependencies = (
			);
			name = WeatherApp;
			productName = WeatherApp;
			productReference = FA165F881F16B4E200617771 /* WeatherApp.app */;
			productType = "com.apple.product-type.application";
		};
		FA165F9D1F16B4E200617771 /* WeatherAppTests */ = {
			isa = PBXNativeTarget;
			buildConfigurationList = FA165FAA1F16B4E200617771 /* Build configuration list for PBXNativeTarget "WeatherAppTests" */;
			buildPhases = (
				FA165F9A1F16B4E200617771 /* Sources */,
				FA165F9B1F16B4E200617771 /* Frameworks */,
				FA165F9C1F16B4E200617771 /* Resources */,
			);
			buildRules = (
			);
			dependencies = (
				FA165FA01F16B4E200617771 /* PBXTargetDependency */,
			);
			name = WeatherAppTests;
			productName = WeatherAppTests;
			productReference = FA165F9E1F16B4E200617771 /* WeatherAppTests.xctest */;
			productType = "com.apple.product-type.bundle.unit-test";
		};
/* End PBXNativeTarget section */

/* Begin PBXProject section */
		FA165F801F16B4E200617771 /* Project object */ = {
			isa = PBXProject;
			attributes = {
				LastSwiftUpdateCheck = 0830;
				LastUpgradeCheck = 0830;
				ORGANIZATIONNAME = "Anthony Merle";
				TargetAttributes = {
					FA165F871F16B4E200617771 = {
						CreatedOnToolsVersion = 8.3.3;
						DevelopmentTeam = JQSW558QPZ;
						ProvisioningStyle = Automatic;
					};
					FA165F9D1F16B4E200617771 = {
						CreatedOnToolsVersion = 8.3.3;
						ProvisioningStyle = Automatic;
						TestTargetID = FA165F871F16B4E200617771;
					};
				};
			};
			buildConfigurationList = FA165F831F16B4E200617771 /* Build configuration list for PBXProject "WeatherApp" */;
			compatibilityVersion = "Xcode 3.2";
			developmentRegion = English;
			hasScannedForEncodings = 0;
			knownRegions = (
				en,
				Base,
				fr,
			);
			mainGroup = FA165F7F1F16B4E200617771;
			productRefGroup = FA165F891F16B4E200617771 /* Products */;
			projectDirPath = "";
			projectRoot = "";
			targets = (
				FA165F871F16B4E200617771 /* WeatherApp */,
				FA165F9D1F16B4E200617771 /* WeatherAppTests */,
			);
		};
/* End PBXProject section */

/* Begin PBXResourcesBuildPhase section */
		FA165F861F16B4E200617771 /* Resources */ = {
			isa = PBXResourcesBuildPhase;
			buildActionMask = 2147483647;
			files = (
				FAC692751F1A6F51004E0B09 /* Localizable.strings in Resources */,
				FA165F981F16B4E200617771 /* LaunchScreen.storyboard in Resources */,
				FAC692891F1A7DC0004E0B09 /* Assets.xcassets in Resources */,
				FA165F931F16B4E200617771 /* Main.storyboard in Resources */,
			);
			runOnlyForDeploymentPostprocessing = 0;
		};
		FA165F9C1F16B4E200617771 /* Resources */ = {
			isa = PBXResourcesBuildPhase;
			buildActionMask = 2147483647;
			files = (
				FAC692631F1A5601004E0B09 /* Assets.xcassets in Resources */,
			);
			runOnlyForDeploymentPostprocessing = 0;
		};
/* End PBXResourcesBuildPhase section */

/* Begin PBXShellScriptBuildPhase section */
		FAFD260A1F19144000E69255 /* ShellScript */ = {
			isa = PBXShellScriptBuildPhase;
			buildActionMask = 2147483647;
			files = (
			);
			inputPaths = (
				"$(SRCROOT)/Carthage/Build/iOS/Alamofire.framework",
				"$(SRCROOT)/Carthage/Build/iOS/AlamofireImage.framework",
			);
			outputPaths = (
				"$(BUILT_PRODUCTS_DIR)/$(FRAMEWORKS_FOLDER_PATH)/Alamofire.framework",
				"$(BUILT_PRODUCTS_DIR)/$(FRAMEWORKS_FOLDER_PATH)/AlamofireImage.framework",
			);
			runOnlyForDeploymentPostprocessing = 0;
			shellPath = /bin/sh;
			shellScript = "/usr/local/bin/carthage copy-frameworks";
		};
/* End PBXShellScriptBuildPhase section */

/* Begin PBXSourcesBuildPhase section */
		FA165F841F16B4E200617771 /* Sources */ = {
			isa = PBXSourcesBuildPhase;
			buildActionMask = 2147483647;
			files = (
				FAFD25E71F18FA9900E69255 /* WeatherListService.swift in Sources */,
				FAFD25EC1F18FB7C00E69255 /* WeatherListServiceImpl.swift in Sources */,
				FAC692901F1A86D0004E0B09 /* WeatherDetailModuleInitializerImpl.swift in Sources */,
				FAFD26001F19092800E69255 /* Temperature.swift in Sources */,
				FAC692621F1A4D43004E0B09 /* WeatherIconServiceImpl.swift in Sources */,
				FA165FB21F16B5B800617771 /* AppDelegate.swift in Sources */,
				FAFD26131F19252700E69255 /* PredictionTableViewCell.swift in Sources */,
				FAFD26031F190A3600E69255 /* Weather.swift in Sources */,
				FAC692601F1A4CC9004E0B09 /* WeatherIconService.swift in Sources */,
				FAFD25F01F18FC6200E69255 /* WeatherDataLoader.swift in Sources */,
				FAC6927A1F1A6FE6004E0B09 /* WordingLocalization.swift in Sources */,
				FAFD260C1F19175300E69255 /* WeatherAPIConfiguration.swift in Sources */,
				FAFD25FD1F19048900E69255 /* Prediction.swift in Sources */,
				FAC692821F1A76DC004E0B09 /* WeatherDetailInterface.swift in Sources */,
				FAC6926F1F1A68DA004E0B09 /* LoadingView.swift in Sources */,
				FAFD26111F191D9400E69255 /* WeatherListModuleInitializer.swift in Sources */,
				FA165FB71F16B89500617771 /* WeatherListPresenter.swift in Sources */,
				FAFD260F1F191CE300E69255 /* WeatherListViewController.swift in Sources */,
				FA165FBA1F16BCD400617771 /* WeatherListInterface.swift in Sources */,
				FAC6927F1F1A766E004E0B09 /* WeatherDetailPresenter.swift in Sources */,
				FAC6928B1F1A8055004E0B09 /* WeatherDetailViewController.swift in Sources */,
				FAFD26061F190FC000E69255 /* WeatherDataLoaderImpl.swift in Sources */,
				FAC6928E1F1A86B1004E0B09 /* WeatherDetailModuleInitializer.swift in Sources */,
			);
			runOnlyForDeploymentPostprocessing = 0;
		};
		FA165F9A1F16B4E200617771 /* Sources */ = {
			isa = PBXSourcesBuildPhase;
			buildActionMask = 2147483647;
			files = (
				FAFD25E81F18FAD600E69255 /* WeatherListService.swift in Sources */,
				FAC692801F1A7698004E0B09 /* WeatherDetailPresenter.swift in Sources */,
				FAC692881F1A798E004E0B09 /* WeatherDetailInterfaceMock.swift in Sources */,
				FAC692691F1A60CC004E0B09 /* PredictionsDataProvider.swift in Sources */,
				FAFD25E31F18FA2E00E69255 /* WeatherListInterfaceMock.swift in Sources */,
				FAFD26011F19092B00E69255 /* Temperature.swift in Sources */,
				FAFD25F81F1901B100E69255 /* WeatherListServiceTests.swift in Sources */,
				FAFD25FE1F1908FD00E69255 /* Prediction.swift in Sources */,
				FAC692831F1A7738004E0B09 /* WeatherDetailInterface.swift in Sources */,
				FAC692911F1A8700004E0B09 /* WeatherDetailModuleInitializer.swift in Sources */,
				FAFD25F91F1901B100E69255 /* WeatherListPresenterTests.swift in Sources */,
				FAC692861F1A78B8004E0B09 /* WeatherDetailPresenterTests.swift in Sources */,
				FAFD25F11F18FC7300E69255 /* WeatherDataLoader.swift in Sources */,
				FA165FB81F16BC4000617771 /* WeatherListPresenter.swift in Sources */,
				FAFD26041F190C2500E69255 /* Weather.swift in Sources */,
				FAC692661F1A57A1004E0B09 /* WeatherIconServiceMock.swift in Sources */,
				FAFD25E51F18FA4C00E69255 /* WeatherListServiceMock.swift in Sources */,
				FAFD25F31F18FCA600E69255 /* WeatherDataLoaderMock.swift in Sources */,
				FAFD25ED1F18FB9600E69255 /* WeatherListServiceImpl.swift in Sources */,
				FA165FBB1F16BD2200617771 /* WeatherListInterface.swift in Sources */,
				FAC692641F1A56F4004E0B09 /* WeatherIconService.swift in Sources */,
			);
			runOnlyForDeploymentPostprocessing = 0;
		};
/* End PBXSourcesBuildPhase section */

/* Begin PBXTargetDependency section */
		FA165FA01F16B4E200617771 /* PBXTargetDependency */ = {
			isa = PBXTargetDependency;
			target = FA165F871F16B4E200617771 /* WeatherApp */;
			targetProxy = FA165F9F1F16B4E200617771 /* PBXContainerItemProxy */;
		};
/* End PBXTargetDependency section */

/* Begin PBXVariantGroup section */
		FA165F911F16B4E200617771 /* Main.storyboard */ = {
			isa = PBXVariantGroup;
			children = (
				FA165F921F16B4E200617771 /* Base */,
			);
			name = Main.storyboard;
			sourceTree = "<group>";
		};
		FA165F961F16B4E200617771 /* LaunchScreen.storyboard */ = {
			isa = PBXVariantGroup;
			children = (
				FA165F971F16B4E200617771 /* Base */,
			);
			name = LaunchScreen.storyboard;
			sourceTree = "<group>";
		};
		FAC692771F1A6F51004E0B09 /* Localizable.strings */ = {
			isa = PBXVariantGroup;
			children = (
				FAC692761F1A6F51004E0B09 /* Base */,
				FAC692781F1A6F80004E0B09 /* fr */,
			);
			name = Localizable.strings;
			sourceTree = "<group>";
		};
/* End PBXVariantGroup section */

/* Begin XCBuildConfiguration section */
		FA165FA51F16B4E200617771 /* Debug */ = {
			isa = XCBuildConfiguration;
			buildSettings = {
				ALWAYS_SEARCH_USER_PATHS = NO;
				CLANG_ANALYZER_LOCALIZABILITY_NONLOCALIZED = YES;
				CLANG_ANALYZER_NONNULL = YES;
				CLANG_ANALYZER_NUMBER_OBJECT_CONVERSION = YES_AGGRESSIVE;
				CLANG_CXX_LANGUAGE_STANDARD = "gnu++0x";
				CLANG_CXX_LIBRARY = "libc++";
				CLANG_ENABLE_MODULES = YES;
				CLANG_ENABLE_OBJC_ARC = YES;
				CLANG_WARN_BOOL_CONVERSION = YES;
				CLANG_WARN_CONSTANT_CONVERSION = YES;
				CLANG_WARN_DIRECT_OBJC_ISA_USAGE = YES_ERROR;
				CLANG_WARN_DOCUMENTATION_COMMENTS = YES;
				CLANG_WARN_EMPTY_BODY = YES;
				CLANG_WARN_ENUM_CONVERSION = YES;
				CLANG_WARN_INFINITE_RECURSION = YES;
				CLANG_WARN_INT_CONVERSION = YES;
				CLANG_WARN_OBJC_ROOT_CLASS = YES_ERROR;
				CLANG_WARN_SUSPICIOUS_MOVE = YES;
				CLANG_WARN_UNREACHABLE_CODE = YES;
				CLANG_WARN__DUPLICATE_METHOD_MATCH = YES;
				"CODE_SIGN_IDENTITY[sdk=iphoneos*]" = "iPhone Developer";
				COPY_PHASE_STRIP = NO;
				DEBUG_INFORMATION_FORMAT = dwarf;
				ENABLE_STRICT_OBJC_MSGSEND = YES;
				ENABLE_TESTABILITY = YES;
				GCC_C_LANGUAGE_STANDARD = gnu99;
				GCC_DYNAMIC_NO_PIC = NO;
				GCC_NO_COMMON_BLOCKS = YES;
				GCC_OPTIMIZATION_LEVEL = 0;
				GCC_PREPROCESSOR_DEFINITIONS = (
					"DEBUG=1",
					"$(inherited)",
				);
				GCC_WARN_64_TO_32_BIT_CONVERSION = YES;
				GCC_WARN_ABOUT_RETURN_TYPE = YES_ERROR;
				GCC_WARN_UNDECLARED_SELECTOR = YES;
				GCC_WARN_UNINITIALIZED_AUTOS = YES_AGGRESSIVE;
				GCC_WARN_UNUSED_FUNCTION = YES;
				GCC_WARN_UNUSED_VARIABLE = YES;
				IPHONEOS_DEPLOYMENT_TARGET = 10.3;
				MTL_ENABLE_DEBUG_INFO = YES;
				ONLY_ACTIVE_ARCH = YES;
				SDKROOT = iphoneos;
				SWIFT_ACTIVE_COMPILATION_CONDITIONS = DEBUG;
				SWIFT_OPTIMIZATION_LEVEL = "-Onone";
				TARGETED_DEVICE_FAMILY = "1,2";
			};
			name = Debug;
		};
		FA165FA61F16B4E200617771 /* Release */ = {
			isa = XCBuildConfiguration;
			buildSettings = {
				ALWAYS_SEARCH_USER_PATHS = NO;
				CLANG_ANALYZER_LOCALIZABILITY_NONLOCALIZED = YES;
				CLANG_ANALYZER_NONNULL = YES;
				CLANG_ANALYZER_NUMBER_OBJECT_CONVERSION = YES_AGGRESSIVE;
				CLANG_CXX_LANGUAGE_STANDARD = "gnu++0x";
				CLANG_CXX_LIBRARY = "libc++";
				CLANG_ENABLE_MODULES = YES;
				CLANG_ENABLE_OBJC_ARC = YES;
				CLANG_WARN_BOOL_CONVERSION = YES;
				CLANG_WARN_CONSTANT_CONVERSION = YES;
				CLANG_WARN_DIRECT_OBJC_ISA_USAGE = YES_ERROR;
				CLANG_WARN_DOCUMENTATION_COMMENTS = YES;
				CLANG_WARN_EMPTY_BODY = YES;
				CLANG_WARN_ENUM_CONVERSION = YES;
				CLANG_WARN_INFINITE_RECURSION = YES;
				CLANG_WARN_INT_CONVERSION = YES;
				CLANG_WARN_OBJC_ROOT_CLASS = YES_ERROR;
				CLANG_WARN_SUSPICIOUS_MOVE = YES;
				CLANG_WARN_UNREACHABLE_CODE = YES;
				CLANG_WARN__DUPLICATE_METHOD_MATCH = YES;
				"CODE_SIGN_IDENTITY[sdk=iphoneos*]" = "iPhone Developer";
				COPY_PHASE_STRIP = NO;
				DEBUG_INFORMATION_FORMAT = "dwarf-with-dsym";
				ENABLE_NS_ASSERTIONS = NO;
				ENABLE_STRICT_OBJC_MSGSEND = YES;
				GCC_C_LANGUAGE_STANDARD = gnu99;
				GCC_NO_COMMON_BLOCKS = YES;
				GCC_WARN_64_TO_32_BIT_CONVERSION = YES;
				GCC_WARN_ABOUT_RETURN_TYPE = YES_ERROR;
				GCC_WARN_UNDECLARED_SELECTOR = YES;
				GCC_WARN_UNINITIALIZED_AUTOS = YES_AGGRESSIVE;
				GCC_WARN_UNUSED_FUNCTION = YES;
				GCC_WARN_UNUSED_VARIABLE = YES;
				IPHONEOS_DEPLOYMENT_TARGET = 10.3;
				MTL_ENABLE_DEBUG_INFO = NO;
				SDKROOT = iphoneos;
				SWIFT_OPTIMIZATION_LEVEL = "-Owholemodule";
				TARGETED_DEVICE_FAMILY = "1,2";
				VALIDATE_PRODUCT = YES;
			};
			name = Release;
		};
		FA165FA81F16B4E200617771 /* Debug */ = {
			isa = XCBuildConfiguration;
			buildSettings = {
				ASSETCATALOG_COMPILER_APPICON_NAME = AppIcon;
				"CODE_SIGN_IDENTITY[sdk=iphoneos*]" = "iPhone Developer";
				DEVELOPMENT_TEAM = JQSW558QPZ;
				FRAMEWORK_SEARCH_PATHS = (
					"$(inherited)",
					"$(PROJECT_DIR)/Carthage/Build/iOS",
				);
				INFOPLIST_FILE = WeatherApp/Info.plist;
				LD_RUNPATH_SEARCH_PATHS = "$(inherited) @executable_path/Frameworks";
				PRODUCT_BUNDLE_IDENTIFIER = com.anthonyMerle.WeatherApp;
				PRODUCT_NAME = "$(TARGET_NAME)";
				PROVISIONING_PROFILE_SPECIFIER = "";
				SWIFT_VERSION = 3.0;
			};
			name = Debug;
		};
		FA165FA91F16B4E200617771 /* Release */ = {
			isa = XCBuildConfiguration;
			buildSettings = {
				ASSETCATALOG_COMPILER_APPICON_NAME = AppIcon;
				"CODE_SIGN_IDENTITY[sdk=iphoneos*]" = "iPhone Developer";
				DEVELOPMENT_TEAM = JQSW558QPZ;
				FRAMEWORK_SEARCH_PATHS = (
					"$(inherited)",
					"$(PROJECT_DIR)/Carthage/Build/iOS",
				);
				INFOPLIST_FILE = WeatherApp/Info.plist;
				LD_RUNPATH_SEARCH_PATHS = "$(inherited) @executable_path/Frameworks";
				PRODUCT_BUNDLE_IDENTIFIER = com.anthonyMerle.WeatherApp;
				PRODUCT_NAME = "$(TARGET_NAME)";
				PROVISIONING_PROFILE_SPECIFIER = "";
				SWIFT_VERSION = 3.0;
			};
			name = Release;
		};
		FA165FAB1F16B4E200617771 /* Debug */ = {
			isa = XCBuildConfiguration;
			buildSettings = {
				ALWAYS_EMBED_SWIFT_STANDARD_LIBRARIES = YES;
				BUNDLE_LOADER = "$(TEST_HOST)";
				INFOPLIST_FILE = WeatherAppTests/Info.plist;
				LD_RUNPATH_SEARCH_PATHS = "$(inherited) @executable_path/Frameworks @loader_path/Frameworks";
				PRODUCT_BUNDLE_IDENTIFIER = com.anthonyMerle.WeatherAppTests;
				PRODUCT_NAME = "$(TARGET_NAME)";
				SWIFT_VERSION = 3.0;
				TEST_HOST = "$(BUILT_PRODUCTS_DIR)/WeatherApp.app/WeatherApp";
			};
			name = Debug;
		};
		FA165FAC1F16B4E200617771 /* Release */ = {
			isa = XCBuildConfiguration;
			buildSettings = {
				ALWAYS_EMBED_SWIFT_STANDARD_LIBRARIES = YES;
				BUNDLE_LOADER = "$(TEST_HOST)";
				INFOPLIST_FILE = WeatherAppTests/Info.plist;
				LD_RUNPATH_SEARCH_PATHS = "$(inherited) @executable_path/Frameworks @loader_path/Frameworks";
				PRODUCT_BUNDLE_IDENTIFIER = com.anthonyMerle.WeatherAppTests;
				PRODUCT_NAME = "$(TARGET_NAME)";
				SWIFT_VERSION = 3.0;
				TEST_HOST = "$(BUILT_PRODUCTS_DIR)/WeatherApp.app/WeatherApp";
			};
			name = Release;
		};
/* End XCBuildConfiguration section */

/* Begin XCConfigurationList section */
		FA165F831F16B4E200617771 /* Build configuration list for PBXProject "WeatherApp" */ = {
			isa = XCConfigurationList;
			buildConfigurations = (
				FA165FA51F16B4E200617771 /* Debug */,
				FA165FA61F16B4E200617771 /* Release */,
			);
			defaultConfigurationIsVisible = 0;
			defaultConfigurationName = Release;
		};
		FA165FA71F16B4E200617771 /* Build configuration list for PBXNativeTarget "WeatherApp" */ = {
			isa = XCConfigurationList;
			buildConfigurations = (
				FA165FA81F16B4E200617771 /* Debug */,
				FA165FA91F16B4E200617771 /* Release */,
			);
			defaultConfigurationIsVisible = 0;
			defaultConfigurationName = Release;
		};
		FA165FAA1F16B4E200617771 /* Build configuration list for PBXNativeTarget "WeatherAppTests" */ = {
			isa = XCConfigurationList;
			buildConfigurations = (
				FA165FAB1F16B4E200617771 /* Debug */,
				FA165FAC1F16B4E200617771 /* Release */,
			);
			defaultConfigurationIsVisible = 0;
			defaultConfigurationName = Release;
		};
/* End XCConfigurationList section */
	};
	rootObject = FA165F801F16B4E200617771 /* Project object */;
}
